
Microsoft Visual Studio Solution File, Format Version 12.00
# Visual Studio 15
VisualStudioVersion = 15.0.27130.2027
MinimumVisualStudioVersion = 10.0.40219.1
Project("{9A19103F-16F7-4668-BE54-9A1E7A4F7556}") = "SchedulerBot", "SchedulerBot\SchedulerBot.csproj", "{6AEF7BB9-E8AD-4303-96F7-5724487315F2}"
EndProject
Project("{2150E333-8FDC-42A3-9474-1A3956D46DE8}") = "Database", "Database", "{5D8E3AC3-D48E-4D9C-A7D8-A3E853B26C62}"
EndProject
Project("{9A19103F-16F7-4668-BE54-9A1E7A4F7556}") = "SchedulerBot.Database.Core", "SchedulerBot.Database.Core\SchedulerBot.Database.Core.csproj", "{F1C2F301-2F23-4223-9589-D71191C7626B}"
EndProject
Project("{9A19103F-16F7-4668-BE54-9A1E7A4F7556}") = "SchedulerBot.Database.Entities", "SchedulerBot.Database.Entities\SchedulerBot.Database.Entities.csproj", "{3B7207A0-45C0-40BA-AC67-34D915600177}"
EndProject
Project("{2150E333-8FDC-42A3-9474-1A3956D46DE8}") = "Business", "Business", "{24104A42-CB02-4E91-9555-320CBCB33F01}"
EndProject
Project("{9A19103F-16F7-4668-BE54-9A1E7A4F7556}") = "SchedulerBot.Business.Services", "SchedulerBot.Business.Services\SchedulerBot.Business.Services.csproj", "{5C4F6A3C-D4F2-447C-B649-32665BA3134D}"
EndProject
Project("{2150E333-8FDC-42A3-9474-1A3956D46DE8}") = "Infrastructure", "Infrastructure", "{98AA3A8F-C420-4110-832A-5631BCC183F2}"
EndProject
Project("{9A19103F-16F7-4668-BE54-9A1E7A4F7556}") = "SchedulerBot.Infrastructure.Interfaces", "SchedulerBot.Infrastructure.Interfaces\SchedulerBot.Infrastructure.Interfaces.csproj", "{03CD614B-0377-46E2-84C3-1E9F5F7E3DEE}"
EndProject
Project("{9A19103F-16F7-4668-BE54-9A1E7A4F7556}") = "SchedulerBot.Business.Interfaces", "SchedulerBot.Business.Interfaces\SchedulerBot.Business.Interfaces.csproj", "{A9B6A7F0-A252-4683-9B22-60B597E9B25D}"
EndProject
Project("{9A19103F-16F7-4668-BE54-9A1E7A4F7556}") = "SchedulerBot.Business.Commands", "SchedulerBot.Business.Commands\SchedulerBot.Business.Commands.csproj", "{87DAD18A-E454-4851-8CC1-01198D1CBA1D}"
EndProject
Project("{9A19103F-16F7-4668-BE54-9A1E7A4F7556}") = "SchedulerBot.Business.Utils", "SchedulerBot.Business.Utils\SchedulerBot.Business.Utils.csproj", "{6AE730F0-CA6E-460A-85B1-5DE8D03169D8}"
EndProject
Project("{9A19103F-16F7-4668-BE54-9A1E7A4F7556}") = "SchedulerBot.Business.Entities", "SchedulerBot.Business.Entities\SchedulerBot.Business.Entities.csproj", "{DB48D24D-236F-4FF8-BA47-3CC2D8B44452}"
EndProject
Project("{9A19103F-16F7-4668-BE54-9A1E7A4F7556}") = "SchedulerBot.Infrastructure.Scheduler", "SchedulerBot.Infrastructure.Scheduler\SchedulerBot.Infrastructure.Scheduler.csproj", "{F27CDE58-A6B6-4BBF-B008-FF05989563DF}"
EndProject
Project("{FAE04EC0-301F-11D3-BF4B-00C04F79EFBC}") = "SchedulerBot.Infrastructure.BotConnector", "SchedulerBot.Infrastructure.BotConnector\SchedulerBot.Infrastructure.BotConnector.csproj", "{74F5D8BD-5A1F-4FA7-B0A9-B18792FB67AA}"
EndProject
Global
	GlobalSection(SolutionConfigurationPlatforms) = preSolution
		Debug|Any CPU = Debug|Any CPU
		Release|Any CPU = Release|Any CPU
	EndGlobalSection
	GlobalSection(ProjectConfigurationPlatforms) = postSolution
		{6AEF7BB9-E8AD-4303-96F7-5724487315F2}.Debug|Any CPU.ActiveCfg = Debug|Any CPU
		{6AEF7BB9-E8AD-4303-96F7-5724487315F2}.Debug|Any CPU.Build.0 = Debug|Any CPU
		{6AEF7BB9-E8AD-4303-96F7-5724487315F2}.Release|Any CPU.ActiveCfg = Release|Any CPU
		{6AEF7BB9-E8AD-4303-96F7-5724487315F2}.Release|Any CPU.Build.0 = Release|Any CPU
		{F1C2F301-2F23-4223-9589-D71191C7626B}.Debug|Any CPU.ActiveCfg = Debug|Any CPU
		{F1C2F301-2F23-4223-9589-D71191C7626B}.Debug|Any CPU.Build.0 = Debug|Any CPU
		{F1C2F301-2F23-4223-9589-D71191C7626B}.Release|Any CPU.ActiveCfg = Release|Any CPU
		{F1C2F301-2F23-4223-9589-D71191C7626B}.Release|Any CPU.Build.0 = Release|Any CPU
		{3B7207A0-45C0-40BA-AC67-34D915600177}.Debug|Any CPU.ActiveCfg = Debug|Any CPU
		{3B7207A0-45C0-40BA-AC67-34D915600177}.Debug|Any CPU.Build.0 = Debug|Any CPU
		{3B7207A0-45C0-40BA-AC67-34D915600177}.Release|Any CPU.ActiveCfg = Release|Any CPU
		{3B7207A0-45C0-40BA-AC67-34D915600177}.Release|Any CPU.Build.0 = Release|Any CPU
		{5C4F6A3C-D4F2-447C-B649-32665BA3134D}.Debug|Any CPU.ActiveCfg = Debug|Any CPU
		{5C4F6A3C-D4F2-447C-B649-32665BA3134D}.Debug|Any CPU.Build.0 = Debug|Any CPU
		{5C4F6A3C-D4F2-447C-B649-32665BA3134D}.Release|Any CPU.ActiveCfg = Release|Any CPU
		{5C4F6A3C-D4F2-447C-B649-32665BA3134D}.Release|Any CPU.Build.0 = Release|Any CPU
		{03CD614B-0377-46E2-84C3-1E9F5F7E3DEE}.Debug|Any CPU.ActiveCfg = Debug|Any CPU
		{03CD614B-0377-46E2-84C3-1E9F5F7E3DEE}.Debug|Any CPU.Build.0 = Debug|Any CPU
		{03CD614B-0377-46E2-84C3-1E9F5F7E3DEE}.Release|Any CPU.ActiveCfg = Release|Any CPU
		{03CD614B-0377-46E2-84C3-1E9F5F7E3DEE}.Release|Any CPU.Build.0 = Release|Any CPU
		{A9B6A7F0-A252-4683-9B22-60B597E9B25D}.Debug|Any CPU.ActiveCfg = Debug|Any CPU
		{A9B6A7F0-A252-4683-9B22-60B597E9B25D}.Debug|Any CPU.Build.0 = Debug|Any CPU
		{A9B6A7F0-A252-4683-9B22-60B597E9B25D}.Release|Any CPU.ActiveCfg = Release|Any CPU
		{A9B6A7F0-A252-4683-9B22-60B597E9B25D}.Release|Any CPU.Build.0 = Release|Any CPU
		{87DAD18A-E454-4851-8CC1-01198D1CBA1D}.Debug|Any CPU.ActiveCfg = Debug|Any CPU
		{87DAD18A-E454-4851-8CC1-01198D1CBA1D}.Debug|Any CPU.Build.0 = Debug|Any CPU
		{87DAD18A-E454-4851-8CC1-01198D1CBA1D}.Release|Any CPU.ActiveCfg = Release|Any CPU
		{87DAD18A-E454-4851-8CC1-01198D1CBA1D}.Release|Any CPU.Build.0 = Release|Any CPU
		{6AE730F0-CA6E-460A-85B1-5DE8D03169D8}.Debug|Any CPU.ActiveCfg = Debug|Any CPU
		{6AE730F0-CA6E-460A-85B1-5DE8D03169D8}.Debug|Any CPU.Build.0 = Debug|Any CPU
		{6AE730F0-CA6E-460A-85B1-5DE8D03169D8}.Release|Any CPU.ActiveCfg = Release|Any CPU
		{6AE730F0-CA6E-460A-85B1-5DE8D03169D8}.Release|Any CPU.Build.0 = Release|Any CPU
		{DB48D24D-236F-4FF8-BA47-3CC2D8B44452}.Debug|Any CPU.ActiveCfg = Debug|Any CPU
		{DB48D24D-236F-4FF8-BA47-3CC2D8B44452}.Debug|Any CPU.Build.0 = Debug|Any CPU
		{DB48D24D-236F-4FF8-BA47-3CC2D8B44452}.Release|Any CPU.ActiveCfg = Release|Any CPU
		{DB48D24D-236F-4FF8-BA47-3CC2D8B44452}.Release|Any CPU.Build.0 = Release|Any CPU
		{F27CDE58-A6B6-4BBF-B008-FF05989563DF}.Debug|Any CPU.ActiveCfg = Debug|Any CPU
		{F27CDE58-A6B6-4BBF-B008-FF05989563DF}.Debug|Any CPU.Build.0 = Debug|Any CPU
		{F27CDE58-A6B6-4BBF-B008-FF05989563DF}.Release|Any CPU.ActiveCfg = Release|Any CPU
		{F27CDE58-A6B6-4BBF-B008-FF05989563DF}.Release|Any CPU.Build.0 = Release|Any CPU
		{74F5D8BD-5A1F-4FA7-B0A9-B18792FB67AA}.Debug|Any CPU.ActiveCfg = Debug|Any CPU
		{74F5D8BD-5A1F-4FA7-B0A9-B18792FB67AA}.Debug|Any CPU.Build.0 = Debug|Any CPU
		{74F5D8BD-5A1F-4FA7-B0A9-B18792FB67AA}.Release|Any CPU.ActiveCfg = Release|Any CPU
		{74F5D8BD-5A1F-4FA7-B0A9-B18792FB67AA}.Release|Any CPU.Build.0 = Release|Any CPU
	EndGlobalSection
	GlobalSection(SolutionProperties) = preSolution
		HideSolutionNode = FALSE
	EndGlobalSection
	GlobalSection(NestedProjects) = preSolution
		{F1C2F301-2F23-4223-9589-D71191C7626B} = {5D8E3AC3-D48E-4D9C-A7D8-A3E853B26C62}
		{3B7207A0-45C0-40BA-AC67-34D915600177} = {5D8E3AC3-D48E-4D9C-A7D8-A3E853B26C62}
		{5C4F6A3C-D4F2-447C-B649-32665BA3134D} = {24104A42-CB02-4E91-9555-320CBCB33F01}
		{03CD614B-0377-46E2-84C3-1E9F5F7E3DEE} = {98AA3A8F-C420-4110-832A-5631BCC183F2}
		{A9B6A7F0-A252-4683-9B22-60B597E9B25D} = {24104A42-CB02-4E91-9555-320CBCB33F01}
		{87DAD18A-E454-4851-8CC1-01198D1CBA1D} = {24104A42-CB02-4E91-9555-320CBCB33F01}
		{6AE730F0-CA6E-460A-85B1-5DE8D03169D8} = {24104A42-CB02-4E91-9555-320CBCB33F01}
		{DB48D24D-236F-4FF8-BA47-3CC2D8B44452} = {24104A42-CB02-4E91-9555-320CBCB33F01}
		{F27CDE58-A6B6-4BBF-B008-FF05989563DF} = {98AA3A8F-C420-4110-832A-5631BCC183F2}
		{74F5D8BD-5A1F-4FA7-B0A9-B18792FB67AA} = {98AA3A8F-C420-4110-832A-5631BCC183F2}
	EndGlobalSection
	GlobalSection(ExtensibilityGlobals) = postSolution
		SolutionGuid = {CCF3E0B7-D57A-4B5C-93BE-9ACA4D593E1E}
	EndGlobalSection
EndGlobal
