
Microsoft Visual Studio Solution File, Format Version 12.00
# Visual Studio 15
VisualStudioVersion = 15.0.27130.2027
MinimumVisualStudioVersion = 10.0.40219.1
Project("{FAE04EC0-301F-11D3-BF4B-00C04F79EFBC}") = "SchedulerBot", "SchedulerBot\SchedulerBot.csproj", "{6AEF7BB9-E8AD-4303-96F7-5724487315F2}"
EndProject
Project("{2150E333-8FDC-42A3-9474-1A3956D46DE8}") = "Database", "Database", "{5D8E3AC3-D48E-4D9C-A7D8-A3E853B26C62}"
EndProject
Project("{FAE04EC0-301F-11D3-BF4B-00C04F79EFBC}") = "SchedulerBot.Database.Core", "SchedulerBot.Database.Core\SchedulerBot.Database.Core.csproj", "{F1C2F301-2F23-4223-9589-D71191C7626B}"
EndProject
Project("{FAE04EC0-301F-11D3-BF4B-00C04F79EFBC}") = "SchedulerBot.Database.Entities", "SchedulerBot.Database.Entities\SchedulerBot.Database.Entities.csproj", "{3B7207A0-45C0-40BA-AC67-34D915600177}"
EndProject
Global
	GlobalSection(SolutionConfigurationPlatforms) = preSolution
		Debug|Any CPU = Debug|Any CPU
		Release|Any CPU = Release|Any CPU
	EndGlobalSection
	GlobalSection(ProjectConfigurationPlatforms) = postSolution
		{6AEF7BB9-E8AD-4303-96F7-5724487315F2}.Debug|Any CPU.ActiveCfg = Debug|Any CPU
		{6AEF7BB9-E8AD-4303-96F7-5724487315F2}.Debug|Any CPU.Build.0 = Debug|Any CPU
		{6AEF7BB9-E8AD-4303-96F7-5724487315F2}.Release|Any CPU.ActiveCfg = Release|Any CPU
		{6AEF7BB9-E8AD-4303-96F7-5724487315F2}.Release|Any CPU.Build.0 = Release|Any CPU
		{F1C2F301-2F23-4223-9589-D71191C7626B}.Debug|Any CPU.ActiveCfg = Debug|Any CPU
		{F1C2F301-2F23-4223-9589-D71191C7626B}.Debug|Any CPU.Build.0 = Debug|Any CPU
		{F1C2F301-2F23-4223-9589-D71191C7626B}.Release|Any CPU.ActiveCfg = Release|Any CPU
		{F1C2F301-2F23-4223-9589-D71191C7626B}.Release|Any CPU.Build.0 = Release|Any CPU
		{3B7207A0-45C0-40BA-AC67-34D915600177}.Debug|Any CPU.ActiveCfg = Debug|Any CPU
		{3B7207A0-45C0-40BA-AC67-34D915600177}.Debug|Any CPU.Build.0 = Debug|Any CPU
		{3B7207A0-45C0-40BA-AC67-34D915600177}.Release|Any CPU.ActiveCfg = Release|Any CPU
		{3B7207A0-45C0-40BA-AC67-34D915600177}.Release|Any CPU.Build.0 = Release|Any CPU
	EndGlobalSection
	GlobalSection(SolutionProperties) = preSolution
		HideSolutionNode = FALSE
	EndGlobalSection
	GlobalSection(NestedProjects) = preSolution
		{F1C2F301-2F23-4223-9589-D71191C7626B} = {5D8E3AC3-D48E-4D9C-A7D8-A3E853B26C62}
		{3B7207A0-45C0-40BA-AC67-34D915600177} = {5D8E3AC3-D48E-4D9C-A7D8-A3E853B26C62}
	EndGlobalSection
	GlobalSection(ExtensibilityGlobals) = postSolution
		SolutionGuid = {CCF3E0B7-D57A-4B5C-93BE-9ACA4D593E1E}
	EndGlobalSection
EndGlobal
